
Microsoft Visual Studio Solution File, Format Version 12.00
# Visual Studio Version 17
VisualStudioVersion = 17.10.35013.160
MinimumVisualStudioVersion = 10.0.40219.1
Project("{2150E333-8FDC-42A3-9474-1A3956D46DE8}") = "src", "src", "{47E286CF-E0F0-4427-BFC5-2B78C74558B4}"
EndProject
Project("{9A19103F-16F7-4668-BE54-9A1E7A4F7556}") = "Mc.Common.Services.EmailSender.Abstractions", "src\Mc.Common.Services.EmailSender.Abstractions\Mc.Common.Services.EmailSender.Abstractions.csproj", "{D8A82F8E-3D49-4097-B1C9-3BCD564E645B}"
EndProject
Project("{9A19103F-16F7-4668-BE54-9A1E7A4F7556}") = "Mc.Common.Services.EmailSender", "src\Mc.Common.Services.EmailSender\Mc.Common.Services.EmailSender.csproj", "{4D0F4C45-5F1C-4244-B2B1-274C86A994F0}"
EndProject
Project("{9A19103F-16F7-4668-BE54-9A1E7A4F7556}") = "Mc.Common.Services.EmailSender.DependencyInjection", "src\Mc.Common.Services.EmailSender.DependencyInjection\Mc.Common.Services.EmailSender.DependencyInjection.csproj", "{32F1A3BF-54B4-46C0-8257-BB9D5065CBE3}"
EndProject
Global
	GlobalSection(SolutionConfigurationPlatforms) = preSolution
		Debug|Any CPU = Debug|Any CPU
		Release|Any CPU = Release|Any CPU
	EndGlobalSection
	GlobalSection(ProjectConfigurationPlatforms) = postSolution
		{D8A82F8E-3D49-4097-B1C9-3BCD564E645B}.Debug|Any CPU.ActiveCfg = Debug|Any CPU
		{D8A82F8E-3D49-4097-B1C9-3BCD564E645B}.Debug|Any CPU.Build.0 = Debug|Any CPU
		{D8A82F8E-3D49-4097-B1C9-3BCD564E645B}.Release|Any CPU.ActiveCfg = Release|Any CPU
		{D8A82F8E-3D49-4097-B1C9-3BCD564E645B}.Release|Any CPU.Build.0 = Release|Any CPU
		{4D0F4C45-5F1C-4244-B2B1-274C86A994F0}.Debug|Any CPU.ActiveCfg = Debug|Any CPU
		{4D0F4C45-5F1C-4244-B2B1-274C86A994F0}.Debug|Any CPU.Build.0 = Debug|Any CPU
		{4D0F4C45-5F1C-4244-B2B1-274C86A994F0}.Release|Any CPU.ActiveCfg = Release|Any CPU
		{4D0F4C45-5F1C-4244-B2B1-274C86A994F0}.Release|Any CPU.Build.0 = Release|Any CPU
		{32F1A3BF-54B4-46C0-8257-BB9D5065CBE3}.Debug|Any CPU.ActiveCfg = Debug|Any CPU
		{32F1A3BF-54B4-46C0-8257-BB9D5065CBE3}.Debug|Any CPU.Build.0 = Debug|Any CPU
		{32F1A3BF-54B4-46C0-8257-BB9D5065CBE3}.Release|Any CPU.ActiveCfg = Release|Any CPU
		{32F1A3BF-54B4-46C0-8257-BB9D5065CBE3}.Release|Any CPU.Build.0 = Release|Any CPU
	EndGlobalSection
	GlobalSection(SolutionProperties) = preSolution
		HideSolutionNode = FALSE
	EndGlobalSection
	GlobalSection(NestedProjects) = preSolution
		{D8A82F8E-3D49-4097-B1C9-3BCD564E645B} = {47E286CF-E0F0-4427-BFC5-2B78C74558B4}
		{4D0F4C45-5F1C-4244-B2B1-274C86A994F0} = {47E286CF-E0F0-4427-BFC5-2B78C74558B4}
		{32F1A3BF-54B4-46C0-8257-BB9D5065CBE3} = {47E286CF-E0F0-4427-BFC5-2B78C74558B4}
	EndGlobalSection
	GlobalSection(ExtensibilityGlobals) = postSolution
		SolutionGuid = {3CD2FBB2-89D0-47AE-8864-AC709F482C3E}
	EndGlobalSection
EndGlobal
